
Microsoft Visual Studio Solution File, Format Version 12.00
# Visual Studio 2012
Project("{FAE04EC0-301F-11D3-BF4B-00C04F79EFBC}") = "PrimeFinal", "PrimeFinal\PrimeFinal.csproj", "{ADFCCEB6-FDB4-4A6E-99BF-AA6BA3A41507}"
EndProject
Project("{FAE04EC0-301F-11D3-BF4B-00C04F79EFBC}") = "Test", "Test\Test.csproj", "{E49441A5-93A6-423C-B975-2E3E22E17D50}"
EndProject
Global
	GlobalSection(SolutionConfigurationPlatforms) = preSolution
		Debug|Any CPU = Debug|Any CPU
		Release|Any CPU = Release|Any CPU
	EndGlobalSection
	GlobalSection(ProjectConfigurationPlatforms) = postSolution
		{ADFCCEB6-FDB4-4A6E-99BF-AA6BA3A41507}.Debug|Any CPU.ActiveCfg = Debug|Any CPU
		{ADFCCEB6-FDB4-4A6E-99BF-AA6BA3A41507}.Debug|Any CPU.Build.0 = Debug|Any CPU
		{ADFCCEB6-FDB4-4A6E-99BF-AA6BA3A41507}.Release|Any CPU.ActiveCfg = Release|Any CPU
		{ADFCCEB6-FDB4-4A6E-99BF-AA6BA3A41507}.Release|Any CPU.Build.0 = Release|Any CPU
		{E49441A5-93A6-423C-B975-2E3E22E17D50}.Debug|Any CPU.ActiveCfg = Debug|Any CPU
		{E49441A5-93A6-423C-B975-2E3E22E17D50}.Debug|Any CPU.Build.0 = Debug|Any CPU
		{E49441A5-93A6-423C-B975-2E3E22E17D50}.Release|Any CPU.ActiveCfg = Release|Any CPU
		{E49441A5-93A6-423C-B975-2E3E22E17D50}.Release|Any CPU.Build.0 = Release|Any CPU
	EndGlobalSection
	GlobalSection(SolutionProperties) = preSolution
		HideSolutionNode = FALSE
	EndGlobalSection
EndGlobal
